
Microsoft Visual Studio Solution File, Format Version 12.00
# Visual Studio Version 16
VisualStudioVersion = 16.0.29920.165
MinimumVisualStudioVersion = 10.0.40219.1
Project("{FAE04EC0-301F-11D3-BF4B-00C04F79EFBC}") = "LRCPowertool", "LRCPowertool\LRCPowertool.csproj", "{F565424E-6858-4579-B4D5-1600CACC3F74}"
EndProject
Global
	GlobalSection(SolutionConfigurationPlatforms) = preSolution
		Debug|Any CPU = Debug|Any CPU
		Release|Any CPU = Release|Any CPU
	EndGlobalSection
	GlobalSection(ProjectConfigurationPlatforms) = postSolution
		{F565424E-6858-4579-B4D5-1600CACC3F74}.Debug|Any CPU.ActiveCfg = Debug|Any CPU
		{F565424E-6858-4579-B4D5-1600CACC3F74}.Debug|Any CPU.Build.0 = Debug|Any CPU
		{F565424E-6858-4579-B4D5-1600CACC3F74}.Release|Any CPU.ActiveCfg = Release|Any CPU
		{F565424E-6858-4579-B4D5-1600CACC3F74}.Release|Any CPU.Build.0 = Release|Any CPU
	EndGlobalSection
	GlobalSection(SolutionProperties) = preSolution
		HideSolutionNode = FALSE
	EndGlobalSection
	GlobalSection(ExtensibilityGlobals) = postSolution
		SolutionGuid = {65B8F2CA-254F-4F5A-A277-47E9C9FB8477}
	EndGlobalSection
EndGlobal
